// !$*UTF8*$!
{
	archiveVersion = 1;
	classes = {
	};
	objectVersion = 77;
	objects = {

/* Begin PBXBuildFile section */
		051726E84459D1228B3B21CE /* Logger+BatteryStats.swift in Sources */ = {isa = PBXBuildFile; fileRef = FFB00CEC272B80D98AACAD2F /* Logger+BatteryStats.swift */; };
		05330784D77871CB0E65861A /* PreferencesStore.swift in Sources */ = {isa = PBXBuildFile; fileRef = EA142550BC409EA9CB4EAD12 /* PreferencesStore.swift */; };
		12435074409B4B5805DD81B4 /* BatteryHistoryStore.swift in Sources */ = {isa = PBXBuildFile; fileRef = D8711E6A8A4EF6FAF599681C /* BatteryHistoryStore.swift */; };
		1BB6C866F1858FCCEB94BA0F /* ReleaseVersion.swift in Sources */ = {isa = PBXBuildFile; fileRef = 471AB90F0E23E76F00B13B51 /* ReleaseVersion.swift */; };
		2359E62F6BE4CDA64D1B8CB5 /* PasteboardCopying.swift in Sources */ = {isa = PBXBuildFile; fileRef = F0F1E5CE09B8CD4FA3CC4C62 /* PasteboardCopying.swift */; };
		2688D64AAEB8932E41B2A46B /* TemperatureUnitPreference.swift in Sources */ = {isa = PBXBuildFile; fileRef = 967B5B4A6C4F994AE957F157 /* TemperatureUnitPreference.swift */; };
		337D06DFBE221263223C00C9 /* FormatterTests.swift in Sources */ = {isa = PBXBuildFile; fileRef = 8479806068B3A19E3F62CD2D /* FormatterTests.swift */; };
		3AAFD634C5BA15FF1C82AC8D /* BatteryPowerState.swift in Sources */ = {isa = PBXBuildFile; fileRef = 64741C6CA8DD1E349745E101 /* BatteryPowerState.swift */; };
		3C03170D81D8BBE9BDEE6E91 /* BatteryFormatting.swift in Sources */ = {isa = PBXBuildFile; fileRef = CD7FCAD09B2030F33E8891EE /* BatteryFormatting.swift */; };
		3D344943107F1AAB5ED65669 /* BatteryAlertPolicy.swift in Sources */ = {isa = PBXBuildFile; fileRef = B706887038897E34F5DC063A /* BatteryAlertPolicy.swift */; };
		3DB96C93E3A24194B3A44F1B /* BatteryStatsApp.swift in Sources */ = {isa = PBXBuildFile; fileRef = 227787DA3C53E9D53406EB5C /* BatteryStatsApp.swift */; };
		4078D058ABD7ACF9941A577D /* ICloudPreferencesSync.swift in Sources */ = {isa = PBXBuildFile; fileRef = 18EFD6DAD4FF56B370981DDB /* ICloudPreferencesSync.swift */; };
		40C54B891B8228C8054BED16 /* BatteryStatusWidgetView.swift in Sources */ = {isa = PBXBuildFile; fileRef = D7B7779DD69AC9E70AAA06F7 /* BatteryStatusWidgetView.swift */; };
		468E35BFB3A7EFFA21340CB7 /* MetricRowView.swift in Sources */ = {isa = PBXBuildFile; fileRef = 1104F5ECBF33FC4DFC2E5EE6 /* MetricRowView.swift */; };
		4806463498BD0A9489BE424D /* Logger+BatteryStats.swift in Sources */ = {isa = PBXBuildFile; fileRef = FFB00CEC272B80D98AACAD2F /* Logger+BatteryStats.swift */; };
		54181B7489CFFD1B55ADFE83 /* BatteryHistoryStoreTests.swift in Sources */ = {isa = PBXBuildFile; fileRef = ADC34B33B189C3743FF138FF /* BatteryHistoryStoreTests.swift */; };
		57065D860B783CACA82D4911 /* BatteryPowerState.swift in Sources */ = {isa = PBXBuildFile; fileRef = 64741C6CA8DD1E349745E101 /* BatteryPowerState.swift */; };
		59F35A836AFAD8097AA8607B /* BatteryStatsWidgetsBundle.swift in Sources */ = {isa = PBXBuildFile; fileRef = F8ACFEF9BF3640777BB8341F /* BatteryStatsWidgetsBundle.swift */; };
		63353722634E0E60DD78E207 /* ManufactureDateDecoder.swift in Sources */ = {isa = PBXBuildFile; fileRef = AB95707B655676743DC5C193 /* ManufactureDateDecoder.swift */; };
		6E16A4AF65DBA14E4D302DEE /* AppIcon.icon in Resources */ = {isa = PBXBuildFile; fileRef = 6D06A83446AB92BBB36ACE7C /* AppIcon.icon */; };
		71B08B32F012BF5BB5DBD43C /* DateComponentsFormatter+BatteryStats.swift in Sources */ = {isa = PBXBuildFile; fileRef = 6B56D3F4751F0966D9F52C90 /* DateComponentsFormatter+BatteryStats.swift */; };
		77D575C07614D44E121B5DB6 /* ManufactureDateDecoder.swift in Sources */ = {isa = PBXBuildFile; fileRef = AB95707B655676743DC5C193 /* ManufactureDateDecoder.swift */; };
		791E65B4F3011AE9FBA674E5 /* BatteryStatusWidget.swift in Sources */ = {isa = PBXBuildFile; fileRef = D1DA057CA2810676481462B1 /* BatteryStatusWidget.swift */; };
		7AD3175E38DEC6B78039C840 /* PublicPowerSourceSnapshot.swift in Sources */ = {isa = PBXBuildFile; fileRef = EBA6BA0FCFEC50716BB0820B /* PublicPowerSourceSnapshot.swift */; };
		7C5B1FFE87A031F1DC31B8E1 /* SettingsView.swift in Sources */ = {isa = PBXBuildFile; fileRef = F70DF171AF39450E9C424B1B /* SettingsView.swift */; };
		7CE04CC52C4D544870982993 /* TemperatureUnitPreference.swift in Sources */ = {isa = PBXBuildFile; fileRef = 967B5B4A6C4F994AE957F157 /* TemperatureUnitPreference.swift */; };
		7D71EA1FB415F1780F127881 /* BatteryCalculations.swift in Sources */ = {isa = PBXBuildFile; fileRef = 44B390C53540AB3E0F5E6AA7 /* BatteryCalculations.swift */; };
		805D6B4B4200B74EC2A1DFC0 /* BatterySectionView.swift in Sources */ = {isa = PBXBuildFile; fileRef = 6B20D6FEB853E3E550E910FE /* BatterySectionView.swift */; };
		87CF4596FEEFB341602C7C91 /* PowerSourceReader.swift in Sources */ = {isa = PBXBuildFile; fileRef = 0202540CC497D6C401D4A188 /* PowerSourceReader.swift */; };
		8FC174D2B5F97657E3E3CE58 /* PowerSourceReader.swift in Sources */ = {isa = PBXBuildFile; fileRef = 0202540CC497D6C401D4A188 /* PowerSourceReader.swift */; };
		907472845281555A996DDDD0 /* DateComponentsFormatter+BatteryStats.swift in Sources */ = {isa = PBXBuildFile; fileRef = 6B56D3F4751F0966D9F52C90 /* DateComponentsFormatter+BatteryStats.swift */; };
		91F80458B338EBF845F8931F /* PublicPowerSourceSnapshot.swift in Sources */ = {isa = PBXBuildFile; fileRef = EBA6BA0FCFEC50716BB0820B /* PublicPowerSourceSnapshot.swift */; };
		92ED6A7DABD886FA6E32DE23 /* NSNumber+SignedConversions.swift in Sources */ = {isa = PBXBuildFile; fileRef = 0D0DF5D68A0EF4008D9E1814 /* NSNumber+SignedConversions.swift */; };
		9366CDB0916F8C6C23D2EA03 /* BatteryAlertCoordinator.swift in Sources */ = {isa = PBXBuildFile; fileRef = 62E3D037362701C9CCD89396 /* BatteryAlertCoordinator.swift */; };
		A5FC190B7B72340AA50E1495 /* LaunchAtLoginManager.swift in Sources */ = {isa = PBXBuildFile; fileRef = D9A08D2E270DD103DFDF5E1F /* LaunchAtLoginManager.swift */; };
		A9AD87AD24FFCBE0C4B9209F /* BatteryMonitor.swift in Sources */ = {isa = PBXBuildFile; fileRef = E807E4312FA64D059698F06D /* BatteryMonitor.swift */; };
		B305626DE5A76DF965A6CA32 /* ReleaseVersionTests.swift in Sources */ = {isa = PBXBuildFile; fileRef = 6C7D59BE036C7EC660821A28 /* ReleaseVersionTests.swift */; };
		B56425CC8159F3C28172859A /* MenuBarBatteryView.swift in Sources */ = {isa = PBXBuildFile; fileRef = 63A46B637B0ACC6A8B41F040 /* MenuBarBatteryView.swift */; };
		B70A7E218A02FE315F53A090 /* AppCommands.swift in Sources */ = {isa = PBXBuildFile; fileRef = 89AE86D5CC001C2048C54CA0 /* AppCommands.swift */; };
		BA66692C5BE380833FF2297B /* BatterySnapshot.swift in Sources */ = {isa = PBXBuildFile; fileRef = 667232C4B373E51A576FF849 /* BatterySnapshot.swift */; };
		BE52EE89F89CD2614105EC10 /* NSNumber+SignedConversions.swift in Sources */ = {isa = PBXBuildFile; fileRef = 0D0DF5D68A0EF4008D9E1814 /* NSNumber+SignedConversions.swift */; };
		C064D1FE1F3ADB4FD692C3A4 /* UnsupportedBatteryView.swift in Sources */ = {isa = PBXBuildFile; fileRef = 5A224C0741B7A196E2B79DE9 /* UnsupportedBatteryView.swift */; };
		C4E32963E26DA4466A7DB728 /* BatteryReadingService.swift in Sources */ = {isa = PBXBuildFile; fileRef = 01A882ED6F3DF38B935E9C0C /* BatteryReadingService.swift */; };
		C64BD237C7FC5A0F9CE61BD1 /* BatteryCalculations.swift in Sources */ = {isa = PBXBuildFile; fileRef = 44B390C53540AB3E0F5E6AA7 /* BatteryCalculations.swift */; };
		C6831024BF52DDDDF3470147 /* BatteryFormatting.swift in Sources */ = {isa = PBXBuildFile; fileRef = CD7FCAD09B2030F33E8891EE /* BatteryFormatting.swift */; };
		C753061FD2C43249902FEF52 /* BatteryStatsWidgetsExtension.appex in Embed Foundation Extensions */ = {isa = PBXBuildFile; fileRef = 1662A5F02D67F8A8B685FD96 /* BatteryStatsWidgetsExtension.appex */; settings = {ATTRIBUTES = (RemoveHeadersOnCopy, ); }; };
		CAAA283BD4905D036C7E63BF /* BatteryDashboardView.swift in Sources */ = {isa = PBXBuildFile; fileRef = EDEA0B4E0CCB08720E0C71CD /* BatteryDashboardView.swift */; };
		CFC2C58702657020DAC1E793 /* BatteryAlertPolicy.swift in Sources */ = {isa = PBXBuildFile; fileRef = B706887038897E34F5DC063A /* BatteryAlertPolicy.swift */; };
		D41D2FD5F67EE8BA55DA5B04 /* SmartBatteryReader.swift in Sources */ = {isa = PBXBuildFile; fileRef = E937B29C4C79C0AB6CDF5A3B /* SmartBatteryReader.swift */; };
		D87F6902A2264CE1D40B4B23 /* BatteryCalculationsTests.swift in Sources */ = {isa = PBXBuildFile; fileRef = 2E4C9D88538CE20902A3722C /* BatteryCalculationsTests.swift */; };
		D92635DA471851E9B53FCF28 /* SmartBatteryParsingTests.swift in Sources */ = {isa = PBXBuildFile; fileRef = 799E0D1E3866EE2E966A215F /* SmartBatteryParsingTests.swift */; };
		E1B00581CEB3D21FCD77A6F3 /* RefreshPolicyTests.swift in Sources */ = {isa = PBXBuildFile; fileRef = 1B7CBFCA74BB91B16F9BC10D /* RefreshPolicyTests.swift */; };
		E41E15822B1E1A7930B04E6D /* BatterySnapshot.swift in Sources */ = {isa = PBXBuildFile; fileRef = 667232C4B373E51A576FF849 /* BatterySnapshot.swift */; };
		EE37F38AED8E82016617D8AE /* Assets.xcassets in Resources */ = {isa = PBXBuildFile; fileRef = ABE76C0931FF3CB64D75A475 /* Assets.xcassets */; };
		F3D8D3760FB72D45F3763CFE /* RefreshCadencePreference.swift in Sources */ = {isa = PBXBuildFile; fileRef = D240E6DDB2A4C20461802B2A /* RefreshCadencePreference.swift */; };
		F42CAACF93CDBE98BC3F78B1 /* RefreshCadencePreference.swift in Sources */ = {isa = PBXBuildFile; fileRef = D240E6DDB2A4C20461802B2A /* RefreshCadencePreference.swift */; };
		F965BC5D57996D8821E8245C /* ManufactureDateDecoderTests.swift in Sources */ = {isa = PBXBuildFile; fileRef = 6DACFF04033985B587295F84 /* ManufactureDateDecoderTests.swift */; };
		FBB2F1BA903B7D2079B0BBA5 /* BatteryReadingService.swift in Sources */ = {isa = PBXBuildFile; fileRef = 01A882ED6F3DF38B935E9C0C /* BatteryReadingService.swift */; };
		FE8299802C12D59E487D9359 /* BatterySummaryGridView.swift in Sources */ = {isa = PBXBuildFile; fileRef = ECB6FA9865F39855A13668DF /* BatterySummaryGridView.swift */; };
		FF20688C4CBFCE3B46B6BE42 /* SmartBatteryReader.swift in Sources */ = {isa = PBXBuildFile; fileRef = E937B29C4C79C0AB6CDF5A3B /* SmartBatteryReader.swift */; };
/* End PBXBuildFile section */

/* Begin PBXContainerItemProxy section */
		1D96E238982B7BF97A37B106 /* PBXContainerItemProxy */ = {
			isa = PBXContainerItemProxy;
			containerPortal = EFA2840A85B03D5348133428 /* Project object */;
			proxyType = 1;
			remoteGlobalIDString = 29ECAB68979D037979EF525B;
			remoteInfo = BatteryStats;
		};
		F7F62D790E11F468D47C1CAC /* PBXContainerItemProxy */ = {
			isa = PBXContainerItemProxy;
			containerPortal = EFA2840A85B03D5348133428 /* Project object */;
			proxyType = 1;
			remoteGlobalIDString = 9BEC09668E685BF4749D45B0;
			remoteInfo = BatteryStatsWidgetsExtension;
		};
/* End PBXContainerItemProxy section */

/* Begin PBXCopyFilesBuildPhase section */
		851EFC0AE99A08DB16A0B481 /* Embed Foundation Extensions */ = {
			isa = PBXCopyFilesBuildPhase;
			buildActionMask = 2147483647;
			dstPath = "";
			dstSubfolderSpec = 13;
			files = (
				C753061FD2C43249902FEF52 /* BatteryStatsWidgetsExtension.appex in Embed Foundation Extensions */,
			);
			name = "Embed Foundation Extensions";
			runOnlyForDeploymentPostprocessing = 0;
		};
/* End PBXCopyFilesBuildPhase section */

/* Begin PBXFileReference section */
		01A882ED6F3DF38B935E9C0C /* BatteryReadingService.swift */ = {isa = PBXFileReference; lastKnownFileType = sourcecode.swift; path = BatteryReadingService.swift; sourceTree = "<group>"; };
		0202540CC497D6C401D4A188 /* PowerSourceReader.swift */ = {isa = PBXFileReference; lastKnownFileType = sourcecode.swift; path = PowerSourceReader.swift; sourceTree = "<group>"; };
		04F06FA9392FF5E60A19153A /* BatteryStatsTests.xctest */ = {isa = PBXFileReference; explicitFileType = wrapper.cfbundle; includeInIndex = 0; path = BatteryStatsTests.xctest; sourceTree = BUILT_PRODUCTS_DIR; };
		0A5E199EE63FC634B3D89E82 /* BatteryStats.app */ = {isa = PBXFileReference; explicitFileType = wrapper.application; includeInIndex = 0; path = BatteryStats.app; sourceTree = BUILT_PRODUCTS_DIR; };
		0D0DF5D68A0EF4008D9E1814 /* NSNumber+SignedConversions.swift */ = {isa = PBXFileReference; lastKnownFileType = sourcecode.swift; path = "NSNumber+SignedConversions.swift"; sourceTree = "<group>"; };
		1104F5ECBF33FC4DFC2E5EE6 /* MetricRowView.swift */ = {isa = PBXFileReference; lastKnownFileType = sourcecode.swift; path = MetricRowView.swift; sourceTree = "<group>"; };
		1662A5F02D67F8A8B685FD96 /* BatteryStatsWidgetsExtension.appex */ = {isa = PBXFileReference; explicitFileType = "wrapper.app-extension"; includeInIndex = 0; path = BatteryStatsWidgetsExtension.appex; sourceTree = BUILT_PRODUCTS_DIR; };
		1729BEF11F2A2A363D08112B /* BatteryStatsWidgets.entitlements */ = {isa = PBXFileReference; lastKnownFileType = text.plist.entitlements; path = BatteryStatsWidgets.entitlements; sourceTree = "<group>"; };
		18EFD6DAD4FF56B370981DDB /* ICloudPreferencesSync.swift */ = {isa = PBXFileReference; lastKnownFileType = sourcecode.swift; path = ICloudPreferencesSync.swift; sourceTree = "<group>"; };
		1B7CBFCA74BB91B16F9BC10D /* RefreshPolicyTests.swift */ = {isa = PBXFileReference; lastKnownFileType = sourcecode.swift; path = RefreshPolicyTests.swift; sourceTree = "<group>"; };
		227787DA3C53E9D53406EB5C /* BatteryStatsApp.swift */ = {isa = PBXFileReference; lastKnownFileType = sourcecode.swift; path = BatteryStatsApp.swift; sourceTree = "<group>"; };
		2E4C9D88538CE20902A3722C /* BatteryCalculationsTests.swift */ = {isa = PBXFileReference; lastKnownFileType = sourcecode.swift; path = BatteryCalculationsTests.swift; sourceTree = "<group>"; };
		44B390C53540AB3E0F5E6AA7 /* BatteryCalculations.swift */ = {isa = PBXFileReference; lastKnownFileType = sourcecode.swift; path = BatteryCalculations.swift; sourceTree = "<group>"; };
		471AB90F0E23E76F00B13B51 /* ReleaseVersion.swift */ = {isa = PBXFileReference; lastKnownFileType = sourcecode.swift; path = ReleaseVersion.swift; sourceTree = "<group>"; };
		5A224C0741B7A196E2B79DE9 /* UnsupportedBatteryView.swift */ = {isa = PBXFileReference; lastKnownFileType = sourcecode.swift; path = UnsupportedBatteryView.swift; sourceTree = "<group>"; };
		62E3D037362701C9CCD89396 /* BatteryAlertCoordinator.swift */ = {isa = PBXFileReference; lastKnownFileType = sourcecode.swift; path = BatteryAlertCoordinator.swift; sourceTree = "<group>"; };
		63A46B637B0ACC6A8B41F040 /* MenuBarBatteryView.swift */ = {isa = PBXFileReference; lastKnownFileType = sourcecode.swift; path = MenuBarBatteryView.swift; sourceTree = "<group>"; };
		64741C6CA8DD1E349745E101 /* BatteryPowerState.swift */ = {isa = PBXFileReference; lastKnownFileType = sourcecode.swift; path = BatteryPowerState.swift; sourceTree = "<group>"; };
		667232C4B373E51A576FF849 /* BatterySnapshot.swift */ = {isa = PBXFileReference; lastKnownFileType = sourcecode.swift; path = BatterySnapshot.swift; sourceTree = "<group>"; };
		6B20D6FEB853E3E550E910FE /* BatterySectionView.swift */ = {isa = PBXFileReference; lastKnownFileType = sourcecode.swift; path = BatterySectionView.swift; sourceTree = "<group>"; };
		6B56D3F4751F0966D9F52C90 /* DateComponentsFormatter+BatteryStats.swift */ = {isa = PBXFileReference; lastKnownFileType = sourcecode.swift; path = "DateComponentsFormatter+BatteryStats.swift"; sourceTree = "<group>"; };
		6C7D59BE036C7EC660821A28 /* ReleaseVersionTests.swift */ = {isa = PBXFileReference; lastKnownFileType = sourcecode.swift; path = ReleaseVersionTests.swift; sourceTree = "<group>"; };
		6D06A83446AB92BBB36ACE7C /* AppIcon.icon */ = {isa = PBXFileReference; lastKnownFileType = wrapper.icon; path = AppIcon.icon; sourceTree = "<group>"; };
		6DACFF04033985B587295F84 /* ManufactureDateDecoderTests.swift */ = {isa = PBXFileReference; lastKnownFileType = sourcecode.swift; path = ManufactureDateDecoderTests.swift; sourceTree = "<group>"; };
		799E0D1E3866EE2E966A215F /* SmartBatteryParsingTests.swift */ = {isa = PBXFileReference; lastKnownFileType = sourcecode.swift; path = SmartBatteryParsingTests.swift; sourceTree = "<group>"; };
		8479806068B3A19E3F62CD2D /* FormatterTests.swift */ = {isa = PBXFileReference; lastKnownFileType = sourcecode.swift; path = FormatterTests.swift; sourceTree = "<group>"; };
		89AE86D5CC001C2048C54CA0 /* AppCommands.swift */ = {isa = PBXFileReference; lastKnownFileType = sourcecode.swift; path = AppCommands.swift; sourceTree = "<group>"; };
		967B5B4A6C4F994AE957F157 /* TemperatureUnitPreference.swift */ = {isa = PBXFileReference; lastKnownFileType = sourcecode.swift; path = TemperatureUnitPreference.swift; sourceTree = "<group>"; };
		AB95707B655676743DC5C193 /* ManufactureDateDecoder.swift */ = {isa = PBXFileReference; lastKnownFileType = sourcecode.swift; path = ManufactureDateDecoder.swift; sourceTree = "<group>"; };
		ABE76C0931FF3CB64D75A475 /* Assets.xcassets */ = {isa = PBXFileReference; lastKnownFileType = folder.assetcatalog; path = Assets.xcassets; sourceTree = "<group>"; };
		ADC34B33B189C3743FF138FF /* BatteryHistoryStoreTests.swift */ = {isa = PBXFileReference; lastKnownFileType = sourcecode.swift; path = BatteryHistoryStoreTests.swift; sourceTree = "<group>"; };
		B706887038897E34F5DC063A /* BatteryAlertPolicy.swift */ = {isa = PBXFileReference; lastKnownFileType = sourcecode.swift; path = BatteryAlertPolicy.swift; sourceTree = "<group>"; };
		CD7FCAD09B2030F33E8891EE /* BatteryFormatting.swift */ = {isa = PBXFileReference; lastKnownFileType = sourcecode.swift; path = BatteryFormatting.swift; sourceTree = "<group>"; };
		D1DA057CA2810676481462B1 /* BatteryStatusWidget.swift */ = {isa = PBXFileReference; lastKnownFileType = sourcecode.swift; path = BatteryStatusWidget.swift; sourceTree = "<group>"; };
		D240E6DDB2A4C20461802B2A /* RefreshCadencePreference.swift */ = {isa = PBXFileReference; lastKnownFileType = sourcecode.swift; path = RefreshCadencePreference.swift; sourceTree = "<group>"; };
		D7B7779DD69AC9E70AAA06F7 /* BatteryStatusWidgetView.swift */ = {isa = PBXFileReference; lastKnownFileType = sourcecode.swift; path = BatteryStatusWidgetView.swift; sourceTree = "<group>"; };
		D8711E6A8A4EF6FAF599681C /* BatteryHistoryStore.swift */ = {isa = PBXFileReference; lastKnownFileType = sourcecode.swift; path = BatteryHistoryStore.swift; sourceTree = "<group>"; };
		D9A08D2E270DD103DFDF5E1F /* LaunchAtLoginManager.swift */ = {isa = PBXFileReference; lastKnownFileType = sourcecode.swift; path = LaunchAtLoginManager.swift; sourceTree = "<group>"; };
		E1526C2ECA10B8FED0F7EEA7 /* BatteryStats.entitlements */ = {isa = PBXFileReference; lastKnownFileType = text.plist.entitlements; path = BatteryStats.entitlements; sourceTree = "<group>"; };
		E5AA5EE1DD0AAE2DECB42FB2 /* Info.plist */ = {isa = PBXFileReference; lastKnownFileType = text.plist; path = Info.plist; sourceTree = "<group>"; };
		E807E4312FA64D059698F06D /* BatteryMonitor.swift */ = {isa = PBXFileReference; lastKnownFileType = sourcecode.swift; path = BatteryMonitor.swift; sourceTree = "<group>"; };
		E937B29C4C79C0AB6CDF5A3B /* SmartBatteryReader.swift */ = {isa = PBXFileReference; lastKnownFileType = sourcecode.swift; path = SmartBatteryReader.swift; sourceTree = "<group>"; };
		EA142550BC409EA9CB4EAD12 /* PreferencesStore.swift */ = {isa = PBXFileReference; lastKnownFileType = sourcecode.swift; path = PreferencesStore.swift; sourceTree = "<group>"; };
		EBA6BA0FCFEC50716BB0820B /* PublicPowerSourceSnapshot.swift */ = {isa = PBXFileReference; lastKnownFileType = sourcecode.swift; path = PublicPowerSourceSnapshot.swift; sourceTree = "<group>"; };
		ECB6FA9865F39855A13668DF /* BatterySummaryGridView.swift */ = {isa = PBXFileReference; lastKnownFileType = sourcecode.swift; path = BatterySummaryGridView.swift; sourceTree = "<group>"; };
		EDEA0B4E0CCB08720E0C71CD /* BatteryDashboardView.swift */ = {isa = PBXFileReference; lastKnownFileType = sourcecode.swift; path = BatteryDashboardView.swift; sourceTree = "<group>"; };
		F0F1E5CE09B8CD4FA3CC4C62 /* PasteboardCopying.swift */ = {isa = PBXFileReference; lastKnownFileType = sourcecode.swift; path = PasteboardCopying.swift; sourceTree = "<group>"; };
		F70DF171AF39450E9C424B1B /* SettingsView.swift */ = {isa = PBXFileReference; lastKnownFileType = sourcecode.swift; path = SettingsView.swift; sourceTree = "<group>"; };
		F8ACFEF9BF3640777BB8341F /* BatteryStatsWidgetsBundle.swift */ = {isa = PBXFileReference; lastKnownFileType = sourcecode.swift; path = BatteryStatsWidgetsBundle.swift; sourceTree = "<group>"; };
		FFB00CEC272B80D98AACAD2F /* Logger+BatteryStats.swift */ = {isa = PBXFileReference; lastKnownFileType = sourcecode.swift; path = "Logger+BatteryStats.swift"; sourceTree = "<group>"; };
/* End PBXFileReference section */

/* Begin PBXGroup section */
		0756A20CCA94953B2B69CA62 = {
			isa = PBXGroup;
			children = (
				5EDEF6FB44D80D3D4DE6ECEF /* App */,
				8D8D62FF2D61BF49D49A7A52 /* BatteryStatsTests */,
				320FE23D8C56F1BA8204178C /* Shared */,
				5E267E2D74E8D7147F876883 /* Widgets */,
				5DB5E190FFF6206B458AE52C /* Products */,
			);
			sourceTree = "<group>";
		};
		114E2D8CA13EE17A1AC046A6 /* Domain */ = {
			isa = PBXGroup;
			children = (
				44B390C53540AB3E0F5E6AA7 /* BatteryCalculations.swift */,
				CD7FCAD09B2030F33E8891EE /* BatteryFormatting.swift */,
				64741C6CA8DD1E349745E101 /* BatteryPowerState.swift */,
				667232C4B373E51A576FF849 /* BatterySnapshot.swift */,
				AB95707B655676743DC5C193 /* ManufactureDateDecoder.swift */,
			);
			path = Domain;
			sourceTree = "<group>";
		};
		11EC7F8750E95ECFF0842370 /* Logging */ = {
			isa = PBXGroup;
			children = (
				FFB00CEC272B80D98AACAD2F /* Logger+BatteryStats.swift */,
			);
			path = Logging;
			sourceTree = "<group>";
		};
		1EECFE87549F874AD01914AD /* Presentation */ = {
			isa = PBXGroup;
			children = (
				EDEA0B4E0CCB08720E0C71CD /* BatteryDashboardView.swift */,
				6B20D6FEB853E3E550E910FE /* BatterySectionView.swift */,
				ECB6FA9865F39855A13668DF /* BatterySummaryGridView.swift */,
				63A46B637B0ACC6A8B41F040 /* MenuBarBatteryView.swift */,
				1104F5ECBF33FC4DFC2E5EE6 /* MetricRowView.swift */,
				5A224C0741B7A196E2B79DE9 /* UnsupportedBatteryView.swift */,
			);
			path = Presentation;
			sourceTree = "<group>";
		};
		2CD31C3440B9BBEF8DD384C8 /* Release */ = {
			isa = PBXGroup;
			children = (
				471AB90F0E23E76F00B13B51 /* ReleaseVersion.swift */,
			);
			path = Release;
			sourceTree = "<group>";
		};
		320FE23D8C56F1BA8204178C /* Shared */ = {
			isa = PBXGroup;
			children = (
				C3D1F06F8EE40798A9A4B659 /* BatteryCore */,
				83B5A398B87FE9F6492F8B88 /* Support */,
			);
			path = Shared;
			sourceTree = "<group>";
		};
		3C830D1DFCC0A666A282EEF5 /* IconLayers */ = {
			isa = PBXGroup;
			children = (
				6D06A83446AB92BBB36ACE7C /* AppIcon.icon */,
			);
			path = IconLayers;
			sourceTree = "<group>";
		};
		442147BBFBDBC6734CEAC1E6 /* Shared */ = {
			isa = PBXGroup;
			children = (
				534C22C2273E44CE06AEF25F /* Utilities */,
			);
			path = Shared;
			sourceTree = "<group>";
		};
		4C43C88BC814E9821AB323B3 /* App */ = {
			isa = PBXGroup;
			children = (
				89AE86D5CC001C2048C54CA0 /* AppCommands.swift */,
				227787DA3C53E9D53406EB5C /* BatteryStatsApp.swift */,
			);
			path = App;
			sourceTree = "<group>";
		};
		4C7848F0F668D9FC01E5418D /* Settings */ = {
			isa = PBXGroup;
			children = (
				D9A08D2E270DD103DFDF5E1F /* LaunchAtLoginManager.swift */,
				EA142550BC409EA9CB4EAD12 /* PreferencesStore.swift */,
				F70DF171AF39450E9C424B1B /* SettingsView.swift */,
			);
			path = Settings;
			sourceTree = "<group>";
		};
		534C22C2273E44CE06AEF25F /* Utilities */ = {
			isa = PBXGroup;
			children = (
				F0F1E5CE09B8CD4FA3CC4C62 /* PasteboardCopying.swift */,
			);
			path = Utilities;
			sourceTree = "<group>";
		};
		5DB5E190FFF6206B458AE52C /* Products */ = {
			isa = PBXGroup;
			children = (
				0A5E199EE63FC634B3D89E82 /* BatteryStats.app */,
				04F06FA9392FF5E60A19153A /* BatteryStatsTests.xctest */,
				1662A5F02D67F8A8B685FD96 /* BatteryStatsWidgetsExtension.appex */,
			);
			name = Products;
			sourceTree = "<group>";
		};
		5E267E2D74E8D7147F876883 /* Widgets */ = {
			isa = PBXGroup;
			children = (
				1729BEF11F2A2A363D08112B /* BatteryStatsWidgets.entitlements */,
				F8ACFEF9BF3640777BB8341F /* BatteryStatsWidgetsBundle.swift */,
				D1DA057CA2810676481462B1 /* BatteryStatusWidget.swift */,
				D7B7779DD69AC9E70AAA06F7 /* BatteryStatusWidgetView.swift */,
				E5AA5EE1DD0AAE2DECB42FB2 /* Info.plist */,
			);
			name = Widgets;
			path = Platforms/macOS/Widgets;
			sourceTree = "<group>";
		};
		5EDEF6FB44D80D3D4DE6ECEF /* App */ = {
			isa = PBXGroup;
			children = (
				4C43C88BC814E9821AB323B3 /* App */,
				BA2053555B23AC2C859850CC /* Features */,
				DF1A90140010D0FD286DA766 /* Resources */,
				4C7848F0F668D9FC01E5418D /* Settings */,
				442147BBFBDBC6734CEAC1E6 /* Shared */,
			);
			name = App;
			path = Platforms/macOS/App;
			sourceTree = "<group>";
		};
		5FCD521B61CF614F9CC0DA50 /* Utilities */ = {
			isa = PBXGroup;
			children = (
				6B56D3F4751F0966D9F52C90 /* DateComponentsFormatter+BatteryStats.swift */,
				0D0DF5D68A0EF4008D9E1814 /* NSNumber+SignedConversions.swift */,
			);
			path = Utilities;
			sourceTree = "<group>";
		};
		6949D4680A0A0FBD13CFCA44 /* Settings */ = {
			isa = PBXGroup;
			children = (
				18EFD6DAD4FF56B370981DDB /* ICloudPreferencesSync.swift */,
			);
			path = Settings;
			sourceTree = "<group>";
		};
		83B5A398B87FE9F6492F8B88 /* Support */ = {
			isa = PBXGroup;
			children = (
				11EC7F8750E95ECFF0842370 /* Logging */,
				2CD31C3440B9BBEF8DD384C8 /* Release */,
				6949D4680A0A0FBD13CFCA44 /* Settings */,
			);
			path = Support;
			sourceTree = "<group>";
		};
		8C8A626A928D00322C3E8576 /* Policies */ = {
			isa = PBXGroup;
			children = (
				B706887038897E34F5DC063A /* BatteryAlertPolicy.swift */,
				D240E6DDB2A4C20461802B2A /* RefreshCadencePreference.swift */,
			);
			path = Policies;
			sourceTree = "<group>";
		};
		8D8D62FF2D61BF49D49A7A52 /* BatteryStatsTests */ = {
			isa = PBXGroup;
			children = (
				2E4C9D88538CE20902A3722C /* BatteryCalculationsTests.swift */,
				ADC34B33B189C3743FF138FF /* BatteryHistoryStoreTests.swift */,
				8479806068B3A19E3F62CD2D /* FormatterTests.swift */,
				6DACFF04033985B587295F84 /* ManufactureDateDecoderTests.swift */,
				1B7CBFCA74BB91B16F9BC10D /* RefreshPolicyTests.swift */,
				6C7D59BE036C7EC660821A28 /* ReleaseVersionTests.swift */,
				799E0D1E3866EE2E966A215F /* SmartBatteryParsingTests.swift */,
			);
			name = BatteryStatsTests;
			path = Tests/BatteryStatsTests;
			sourceTree = "<group>";
		};
		A68F484F1B22BB3F52A32DBC /* Battery */ = {
			isa = PBXGroup;
			children = (
				DE900A249238E2CF1B8C070D /* Data */,
				1EECFE87549F874AD01914AD /* Presentation */,
			);
			path = Battery;
			sourceTree = "<group>";
		};
		AE6FCE6E1D9DBA14488153CE /* Settings */ = {
			isa = PBXGroup;
			children = (
				967B5B4A6C4F994AE957F157 /* TemperatureUnitPreference.swift */,
			);
			path = Settings;
			sourceTree = "<group>";
		};
		BA2053555B23AC2C859850CC /* Features */ = {
			isa = PBXGroup;
			children = (
				A68F484F1B22BB3F52A32DBC /* Battery */,
			);
			path = Features;
			sourceTree = "<group>";
		};
		C3D1F06F8EE40798A9A4B659 /* BatteryCore */ = {
			isa = PBXGroup;
			children = (
				114E2D8CA13EE17A1AC046A6 /* Domain */,
				8C8A626A928D00322C3E8576 /* Policies */,
				AE6FCE6E1D9DBA14488153CE /* Settings */,
				5FCD521B61CF614F9CC0DA50 /* Utilities */,
			);
			path = BatteryCore;
			sourceTree = "<group>";
		};
		DE900A249238E2CF1B8C070D /* Data */ = {
			isa = PBXGroup;
			children = (
				62E3D037362701C9CCD89396 /* BatteryAlertCoordinator.swift */,
				D8711E6A8A4EF6FAF599681C /* BatteryHistoryStore.swift */,
				E807E4312FA64D059698F06D /* BatteryMonitor.swift */,
				01A882ED6F3DF38B935E9C0C /* BatteryReadingService.swift */,
				0202540CC497D6C401D4A188 /* PowerSourceReader.swift */,
				EBA6BA0FCFEC50716BB0820B /* PublicPowerSourceSnapshot.swift */,
				E937B29C4C79C0AB6CDF5A3B /* SmartBatteryReader.swift */,
			);
			path = Data;
			sourceTree = "<group>";
		};
		DF1A90140010D0FD286DA766 /* Resources */ = {
			isa = PBXGroup;
			children = (
				ABE76C0931FF3CB64D75A475 /* Assets.xcassets */,
				E1526C2ECA10B8FED0F7EEA7 /* BatteryStats.entitlements */,
				3C830D1DFCC0A666A282EEF5 /* IconLayers */,
			);
			path = Resources;
			sourceTree = "<group>";
		};
/* End PBXGroup section */

/* Begin PBXNativeTarget section */
		26FA152DAB78DB92FEE1F0B0 /* BatteryStatsTests */ = {
			isa = PBXNativeTarget;
			buildConfigurationList = 7E1FBC75A21F488DA108FB05 /* Build configuration list for PBXNativeTarget "BatteryStatsTests" */;
			buildPhases = (
				CF58F412F79860E15F9A92A4 /* Sources */,
			);
			buildRules = (
			);
			dependencies = (
				2B8313B9CB494CC319206924 /* PBXTargetDependency */,
			);
			name = BatteryStatsTests;
			packageProductDependencies = (
			);
			productName = BatteryStatsTests;
			productReference = 04F06FA9392FF5E60A19153A /* BatteryStatsTests.xctest */;
			productType = "com.apple.product-type.bundle.unit-test";
		};
		29ECAB68979D037979EF525B /* BatteryStats */ = {
			isa = PBXNativeTarget;
			buildConfigurationList = D768D6C9FB4D540CB3AAEED7 /* Build configuration list for PBXNativeTarget "BatteryStats" */;
			buildPhases = (
				C1478A6E68ECFED710D74A66 /* Sources */,
				C19F6E27F9A5E1C8B539A7D8 /* Resources */,
				851EFC0AE99A08DB16A0B481 /* Embed Foundation Extensions */,
			);
			buildRules = (
			);
			dependencies = (
				CB0D34AABCB7922418EACC60 /* PBXTargetDependency */,
			);
			name = BatteryStats;
			packageProductDependencies = (
			);
			productName = BatteryStats;
			productReference = 0A5E199EE63FC634B3D89E82 /* BatteryStats.app */;
			productType = "com.apple.product-type.application";
		};
		9BEC09668E685BF4749D45B0 /* BatteryStatsWidgetsExtension */ = {
			isa = PBXNativeTarget;
			buildConfigurationList = 1002F8C799CE06F3CD852910 /* Build configuration list for PBXNativeTarget "BatteryStatsWidgetsExtension" */;
			buildPhases = (
				4FC94CE60CFD9BECFF173552 /* Sources */,
			);
			buildRules = (
			);
			dependencies = (
			);
			name = BatteryStatsWidgetsExtension;
			packageProductDependencies = (
			);
			productName = BatteryStatsWidgetsExtension;
			productReference = 1662A5F02D67F8A8B685FD96 /* BatteryStatsWidgetsExtension.appex */;
			productType = "com.apple.product-type.app-extension";
		};
/* End PBXNativeTarget section */

/* Begin PBXProject section */
		EFA2840A85B03D5348133428 /* Project object */ = {
			isa = PBXProject;
			attributes = {
				BuildIndependentTargetsInParallel = YES;
				LastUpgradeCheck = 1430;
				TargetAttributes = {
				};
			};
			buildConfigurationList = 5987CF11071641EF8334F03A /* Build configuration list for PBXProject "BatteryStats" */;
			developmentRegion = en;
			hasScannedForEncodings = 0;
			knownRegions = (
				Base,
				en,
			);
			mainGroup = 0756A20CCA94953B2B69CA62;
			minimizedProjectReferenceProxies = 1;
			preferredProjectObjectVersion = 77;
			productRefGroup = 5DB5E190FFF6206B458AE52C /* Products */;
			projectDirPath = "";
			projectRoot = "";
			targets = (
				29ECAB68979D037979EF525B /* BatteryStats */,
				26FA152DAB78DB92FEE1F0B0 /* BatteryStatsTests */,
				9BEC09668E685BF4749D45B0 /* BatteryStatsWidgetsExtension */,
			);
		};
/* End PBXProject section */

/* Begin PBXResourcesBuildPhase section */
		C19F6E27F9A5E1C8B539A7D8 /* Resources */ = {
			isa = PBXResourcesBuildPhase;
			buildActionMask = 2147483647;
			files = (
				6E16A4AF65DBA14E4D302DEE /* AppIcon.icon in Resources */,
				EE37F38AED8E82016617D8AE /* Assets.xcassets in Resources */,
			);
			runOnlyForDeploymentPostprocessing = 0;
		};
/* End PBXResourcesBuildPhase section */

/* Begin PBXSourcesBuildPhase section */
		4FC94CE60CFD9BECFF173552 /* Sources */ = {
			isa = PBXSourcesBuildPhase;
			buildActionMask = 2147483647;
			files = (
				3D344943107F1AAB5ED65669 /* BatteryAlertPolicy.swift in Sources */,
				7D71EA1FB415F1780F127881 /* BatteryCalculations.swift in Sources */,
				C6831024BF52DDDDF3470147 /* BatteryFormatting.swift in Sources */,
				57065D860B783CACA82D4911 /* BatteryPowerState.swift in Sources */,
				FBB2F1BA903B7D2079B0BBA5 /* BatteryReadingService.swift in Sources */,
				BA66692C5BE380833FF2297B /* BatterySnapshot.swift in Sources */,
				59F35A836AFAD8097AA8607B /* BatteryStatsWidgetsBundle.swift in Sources */,
				791E65B4F3011AE9FBA674E5 /* BatteryStatusWidget.swift in Sources */,
				40C54B891B8228C8054BED16 /* BatteryStatusWidgetView.swift in Sources */,
				71B08B32F012BF5BB5DBD43C /* DateComponentsFormatter+BatteryStats.swift in Sources */,
				4806463498BD0A9489BE424D /* Logger+BatteryStats.swift in Sources */,
				77D575C07614D44E121B5DB6 /* ManufactureDateDecoder.swift in Sources */,
				92ED6A7DABD886FA6E32DE23 /* NSNumber+SignedConversions.swift in Sources */,
				8FC174D2B5F97657E3E3CE58 /* PowerSourceReader.swift in Sources */,
				7AD3175E38DEC6B78039C840 /* PublicPowerSourceSnapshot.swift in Sources */,
				F3D8D3760FB72D45F3763CFE /* RefreshCadencePreference.swift in Sources */,
				D41D2FD5F67EE8BA55DA5B04 /* SmartBatteryReader.swift in Sources */,
				7CE04CC52C4D544870982993 /* TemperatureUnitPreference.swift in Sources */,
			);
			runOnlyForDeploymentPostprocessing = 0;
		};
		C1478A6E68ECFED710D74A66 /* Sources */ = {
			isa = PBXSourcesBuildPhase;
			buildActionMask = 2147483647;
			files = (
				B70A7E218A02FE315F53A090 /* AppCommands.swift in Sources */,
				9366CDB0916F8C6C23D2EA03 /* BatteryAlertCoordinator.swift in Sources */,
				CFC2C58702657020DAC1E793 /* BatteryAlertPolicy.swift in Sources */,
				C64BD237C7FC5A0F9CE61BD1 /* BatteryCalculations.swift in Sources */,
				CAAA283BD4905D036C7E63BF /* BatteryDashboardView.swift in Sources */,
				3C03170D81D8BBE9BDEE6E91 /* BatteryFormatting.swift in Sources */,
				12435074409B4B5805DD81B4 /* BatteryHistoryStore.swift in Sources */,
				A9AD87AD24FFCBE0C4B9209F /* BatteryMonitor.swift in Sources */,
				3AAFD634C5BA15FF1C82AC8D /* BatteryPowerState.swift in Sources */,
				C4E32963E26DA4466A7DB728 /* BatteryReadingService.swift in Sources */,
				805D6B4B4200B74EC2A1DFC0 /* BatterySectionView.swift in Sources */,
				E41E15822B1E1A7930B04E6D /* BatterySnapshot.swift in Sources */,
				3DB96C93E3A24194B3A44F1B /* BatteryStatsApp.swift in Sources */,
				FE8299802C12D59E487D9359 /* BatterySummaryGridView.swift in Sources */,
				907472845281555A996DDDD0 /* DateComponentsFormatter+BatteryStats.swift in Sources */,
				4078D058ABD7ACF9941A577D /* ICloudPreferencesSync.swift in Sources */,
				A5FC190B7B72340AA50E1495 /* LaunchAtLoginManager.swift in Sources */,
				051726E84459D1228B3B21CE /* Logger+BatteryStats.swift in Sources */,
				63353722634E0E60DD78E207 /* ManufactureDateDecoder.swift in Sources */,
				B56425CC8159F3C28172859A /* MenuBarBatteryView.swift in Sources */,
				468E35BFB3A7EFFA21340CB7 /* MetricRowView.swift in Sources */,
				BE52EE89F89CD2614105EC10 /* NSNumber+SignedConversions.swift in Sources */,
				2359E62F6BE4CDA64D1B8CB5 /* PasteboardCopying.swift in Sources */,
				87CF4596FEEFB341602C7C91 /* PowerSourceReader.swift in Sources */,
				05330784D77871CB0E65861A /* PreferencesStore.swift in Sources */,
				91F80458B338EBF845F8931F /* PublicPowerSourceSnapshot.swift in Sources */,
				F42CAACF93CDBE98BC3F78B1 /* RefreshCadencePreference.swift in Sources */,
				1BB6C866F1858FCCEB94BA0F /* ReleaseVersion.swift in Sources */,
				7C5B1FFE87A031F1DC31B8E1 /* SettingsView.swift in Sources */,
				FF20688C4CBFCE3B46B6BE42 /* SmartBatteryReader.swift in Sources */,
				2688D64AAEB8932E41B2A46B /* TemperatureUnitPreference.swift in Sources */,
				C064D1FE1F3ADB4FD692C3A4 /* UnsupportedBatteryView.swift in Sources */,
			);
			runOnlyForDeploymentPostprocessing = 0;
		};
		CF58F412F79860E15F9A92A4 /* Sources */ = {
			isa = PBXSourcesBuildPhase;
			buildActionMask = 2147483647;
			files = (
				D87F6902A2264CE1D40B4B23 /* BatteryCalculationsTests.swift in Sources */,
				54181B7489CFFD1B55ADFE83 /* BatteryHistoryStoreTests.swift in Sources */,
				337D06DFBE221263223C00C9 /* FormatterTests.swift in Sources */,
				F965BC5D57996D8821E8245C /* ManufactureDateDecoderTests.swift in Sources */,
				E1B00581CEB3D21FCD77A6F3 /* RefreshPolicyTests.swift in Sources */,
				B305626DE5A76DF965A6CA32 /* ReleaseVersionTests.swift in Sources */,
				D92635DA471851E9B53FCF28 /* SmartBatteryParsingTests.swift in Sources */,
			);
			runOnlyForDeploymentPostprocessing = 0;
		};
/* End PBXSourcesBuildPhase section */

/* Begin PBXTargetDependency section */
		2B8313B9CB494CC319206924 /* PBXTargetDependency */ = {
			isa = PBXTargetDependency;
			target = 29ECAB68979D037979EF525B /* BatteryStats */;
			targetProxy = 1D96E238982B7BF97A37B106 /* PBXContainerItemProxy */;
		};
		CB0D34AABCB7922418EACC60 /* PBXTargetDependency */ = {
			isa = PBXTargetDependency;
			target = 9BEC09668E685BF4749D45B0 /* BatteryStatsWidgetsExtension */;
			targetProxy = F7F62D790E11F468D47C1CAC /* PBXContainerItemProxy */;
		};
/* End PBXTargetDependency section */

/* Begin XCBuildConfiguration section */
		01EE590C3F1F701564A8EA61 /* Release */ = {
			isa = XCBuildConfiguration;
			buildSettings = {
				BUNDLE_LOADER = "$(TEST_HOST)";
				COMBINE_HIDPI_IMAGES = YES;
				GENERATE_INFOPLIST_FILE = YES;
				LD_RUNPATH_SEARCH_PATHS = (
					"$(inherited)",
					"@executable_path/../Frameworks",
					"@loader_path/../Frameworks",
				);
				MACOSX_DEPLOYMENT_TARGET = 26.0;
				PRODUCT_BUNDLE_IDENTIFIER = io.github.agrim.batterystats.tests;
				PRODUCT_NAME = BatteryStatsTests;
				SDKROOT = macosx;
				TEST_HOST = "$(BUILT_PRODUCTS_DIR)/BatteryStats.app/Contents/MacOS/BatteryStats";
			};
			name = Release;
		};
		3C31CB200FA3A35334992CB6 /* Debug */ = {
			isa = XCBuildConfiguration;
			buildSettings = {
				APPLICATION_EXTENSION_API_ONLY = YES;
				CODE_SIGN_ENTITLEMENTS = Platforms/macOS/Widgets/BatteryStatsWidgets.entitlements;
				COMBINE_HIDPI_IMAGES = YES;
				GENERATE_INFOPLIST_FILE = NO;
				INFOPLIST_FILE = Platforms/macOS/Widgets/Info.plist;
				LD_RUNPATH_SEARCH_PATHS = (
					"$(inherited)",
					"@executable_path/../Frameworks",
					"@executable_path/../../../../Frameworks",
				);
				MACOSX_DEPLOYMENT_TARGET = 26.0;
				PRODUCT_BUNDLE_IDENTIFIER = io.github.agrim.batterystats.widgets;
				PRODUCT_NAME = BatteryStatsWidgetsExtension;
				SDKROOT = macosx;
				SWIFT_EMIT_LOC_STRINGS = NO;
			};
			name = Debug;
		};
		5E82D7D35646E04FE1E6517A /* Debug */ = {
			isa = XCBuildConfiguration;
			buildSettings = {
				ASSETCATALOG_COMPILER_APPICON_NAME = AppIcon;
				CODE_SIGN_ENTITLEMENTS = Platforms/macOS/App/Resources/BatteryStats.entitlements;
				COMBINE_HIDPI_IMAGES = YES;
				ENABLE_HARDENED_RUNTIME = YES;
				GENERATE_INFOPLIST_FILE = YES;
				INFOPLIST_KEY_CFBundleDisplayName = BatteryStats;
				INFOPLIST_KEY_LSApplicationCategoryType = "public.app-category.utilities";
				INFOPLIST_KEY_NSPrincipalClass = NSApplication;
				LD_RUNPATH_SEARCH_PATHS = (
					"$(inherited)",
					"@executable_path/../Frameworks",
				);
				MACOSX_DEPLOYMENT_TARGET = 26.0;
				PRODUCT_BUNDLE_IDENTIFIER = io.github.agrim.batterystats;
				PRODUCT_NAME = BatteryStats;
				SDKROOT = macosx;
				SWIFT_EMIT_LOC_STRINGS = NO;
			};
			name = Debug;
		};
		8681F68331C33875132FADC3 /* Release */ = {
			isa = XCBuildConfiguration;
			buildSettings = {
				ALWAYS_SEARCH_USER_PATHS = NO;
				ASSETCATALOG_COMPILER_APPICON_NAME = AppIcon;
				ASSETCATALOG_COMPILER_GLOBAL_ACCENT_COLOR_NAME = AccentColor;
				CLANG_ANALYZER_NONNULL = YES;
				CLANG_ANALYZER_NUMBER_OBJECT_CONVERSION = YES_AGGRESSIVE;
				CLANG_CXX_LANGUAGE_STANDARD = "gnu++14";
				CLANG_CXX_LIBRARY = "libc++";
				CLANG_ENABLE_MODULES = YES;
				CLANG_ENABLE_OBJC_ARC = YES;
				CLANG_ENABLE_OBJC_WEAK = YES;
				CLANG_WARN_BLOCK_CAPTURE_AUTORELEASING = YES;
				CLANG_WARN_BOOL_CONVERSION = YES;
				CLANG_WARN_COMMA = YES;
				CLANG_WARN_CONSTANT_CONVERSION = YES;
				CLANG_WARN_DEPRECATED_OBJC_IMPLEMENTATIONS = YES;
				CLANG_WARN_DIRECT_OBJC_ISA_USAGE = YES_ERROR;
				CLANG_WARN_DOCUMENTATION_COMMENTS = YES;
				CLANG_WARN_EMPTY_BODY = YES;
				CLANG_WARN_ENUM_CONVERSION = YES;
				CLANG_WARN_INFINITE_RECURSION = YES;
				CLANG_WARN_INT_CONVERSION = YES;
				CLANG_WARN_NON_LITERAL_NULL_CONVERSION = YES;
				CLANG_WARN_OBJC_IMPLICIT_RETAIN_SELF = YES;
				CLANG_WARN_OBJC_LITERAL_CONVERSION = YES;
				CLANG_WARN_OBJC_ROOT_CLASS = YES_ERROR;
				CLANG_WARN_QUOTED_INCLUDE_IN_FRAMEWORK_HEADER = YES;
				CLANG_WARN_RANGE_LOOP_ANALYSIS = YES;
				CLANG_WARN_STRICT_PROTOTYPES = YES;
				CLANG_WARN_SUSPICIOUS_MOVE = YES;
				CLANG_WARN_UNGUARDED_AVAILABILITY = YES_AGGRESSIVE;
				CLANG_WARN_UNREACHABLE_CODE = YES;
				CLANG_WARN__DUPLICATE_METHOD_MATCH = YES;
				COPY_PHASE_STRIP = NO;
				CURRENT_PROJECT_VERSION = 4;
				DEBUG_INFORMATION_FORMAT = "dwarf-with-dsym";
				ENABLE_NS_ASSERTIONS = NO;
				ENABLE_STRICT_OBJC_MSGSEND = YES;
				GCC_C_LANGUAGE_STANDARD = gnu11;
				GCC_NO_COMMON_BLOCKS = YES;
				GCC_WARN_64_TO_32_BIT_CONVERSION = YES;
				GCC_WARN_ABOUT_RETURN_TYPE = YES_ERROR;
				GCC_WARN_UNDECLARED_SELECTOR = YES;
				GCC_WARN_UNINITIALIZED_AUTOS = YES_AGGRESSIVE;
				GCC_WARN_UNUSED_FUNCTION = YES;
				GCC_WARN_UNUSED_VARIABLE = YES;
				MACOSX_DEPLOYMENT_TARGET = 26.0;
				MARKETING_VERSION = 1.0.3;
				MTL_ENABLE_DEBUG_INFO = NO;
				MTL_FAST_MATH = YES;
				PRODUCT_NAME = "$(TARGET_NAME)";
				SDKROOT = macosx;
				SWIFT_COMPILATION_MODE = wholemodule;
				SWIFT_OPTIMIZATION_LEVEL = "-O";
				SWIFT_STRICT_CONCURRENCY = complete;
				SWIFT_VERSION = 5.0;
			};
			name = Release;
		};
		9167E23AED6D03F8488DE4EF /* Debug */ = {
			isa = XCBuildConfiguration;
			buildSettings = {
				BUNDLE_LOADER = "$(TEST_HOST)";
				COMBINE_HIDPI_IMAGES = YES;
				GENERATE_INFOPLIST_FILE = YES;
				LD_RUNPATH_SEARCH_PATHS = (
					"$(inherited)",
					"@executable_path/../Frameworks",
					"@loader_path/../Frameworks",
				);
				MACOSX_DEPLOYMENT_TARGET = 26.0;
				PRODUCT_BUNDLE_IDENTIFIER = io.github.agrim.batterystats.tests;
				PRODUCT_NAME = BatteryStatsTests;
				SDKROOT = macosx;
				TEST_HOST = "$(BUILT_PRODUCTS_DIR)/BatteryStats.app/Contents/MacOS/BatteryStats";
			};
			name = Debug;
		};
		96B00F5F7DA26BF828654E89 /* Debug */ = {
			isa = XCBuildConfiguration;
			buildSettings = {
				ALWAYS_SEARCH_USER_PATHS = NO;
				ASSETCATALOG_COMPILER_APPICON_NAME = AppIcon;
				ASSETCATALOG_COMPILER_GLOBAL_ACCENT_COLOR_NAME = AccentColor;
				CLANG_ANALYZER_NONNULL = YES;
				CLANG_ANALYZER_NUMBER_OBJECT_CONVERSION = YES_AGGRESSIVE;
				CLANG_CXX_LANGUAGE_STANDARD = "gnu++14";
				CLANG_CXX_LIBRARY = "libc++";
				CLANG_ENABLE_MODULES = YES;
				CLANG_ENABLE_OBJC_ARC = YES;
				CLANG_ENABLE_OBJC_WEAK = YES;
				CLANG_WARN_BLOCK_CAPTURE_AUTORELEASING = YES;
				CLANG_WARN_BOOL_CONVERSION = YES;
				CLANG_WARN_COMMA = YES;
				CLANG_WARN_CONSTANT_CONVERSION = YES;
				CLANG_WARN_DEPRECATED_OBJC_IMPLEMENTATIONS = YES;
				CLANG_WARN_DIRECT_OBJC_ISA_USAGE = YES_ERROR;
				CLANG_WARN_DOCUMENTATION_COMMENTS = YES;
				CLANG_WARN_EMPTY_BODY = YES;
				CLANG_WARN_ENUM_CONVERSION = YES;
				CLANG_WARN_INFINITE_RECURSION = YES;
				CLANG_WARN_INT_CONVERSION = YES;
				CLANG_WARN_NON_LITERAL_NULL_CONVERSION = YES;
				CLANG_WARN_OBJC_IMPLICIT_RETAIN_SELF = YES;
				CLANG_WARN_OBJC_LITERAL_CONVERSION = YES;
				CLANG_WARN_OBJC_ROOT_CLASS = YES_ERROR;
				CLANG_WARN_QUOTED_INCLUDE_IN_FRAMEWORK_HEADER = YES;
				CLANG_WARN_RANGE_LOOP_ANALYSIS = YES;
				CLANG_WARN_STRICT_PROTOTYPES = YES;
				CLANG_WARN_SUSPICIOUS_MOVE = YES;
				CLANG_WARN_UNGUARDED_AVAILABILITY = YES_AGGRESSIVE;
				CLANG_WARN_UNREACHABLE_CODE = YES;
				CLANG_WARN__DUPLICATE_METHOD_MATCH = YES;
				COPY_PHASE_STRIP = NO;
				CURRENT_PROJECT_VERSION = 4;
				DEBUG_INFORMATION_FORMAT = dwarf;
				ENABLE_STRICT_OBJC_MSGSEND = YES;
				ENABLE_TESTABILITY = YES;
				GCC_C_LANGUAGE_STANDARD = gnu11;
				GCC_DYNAMIC_NO_PIC = NO;
				GCC_NO_COMMON_BLOCKS = YES;
				GCC_OPTIMIZATION_LEVEL = 0;
				GCC_PREPROCESSOR_DEFINITIONS = (
					"$(inherited)",
					"DEBUG=1",
				);
				GCC_WARN_64_TO_32_BIT_CONVERSION = YES;
				GCC_WARN_ABOUT_RETURN_TYPE = YES_ERROR;
				GCC_WARN_UNDECLARED_SELECTOR = YES;
				GCC_WARN_UNINITIALIZED_AUTOS = YES_AGGRESSIVE;
				GCC_WARN_UNUSED_FUNCTION = YES;
				GCC_WARN_UNUSED_VARIABLE = YES;
				MACOSX_DEPLOYMENT_TARGET = 26.0;
				MARKETING_VERSION = 1.0.3;
				MTL_ENABLE_DEBUG_INFO = INCLUDE_SOURCE;
				MTL_FAST_MATH = YES;
				ONLY_ACTIVE_ARCH = YES;
				PRODUCT_NAME = "$(TARGET_NAME)";
				SDKROOT = macosx;
				SWIFT_ACTIVE_COMPILATION_CONDITIONS = DEBUG;
				SWIFT_OPTIMIZATION_LEVEL = "-Onone";
				SWIFT_STRICT_CONCURRENCY = complete;
				SWIFT_VERSION = 5.0;
			};
			name = Debug;
		};
		A77862A7E5917ABAE114A38E /* Release */ = {
			isa = XCBuildConfiguration;
			buildSettings = {
				APPLICATION_EXTENSION_API_ONLY = YES;
				CODE_SIGN_ENTITLEMENTS = Platforms/macOS/Widgets/BatteryStatsWidgets.entitlements;
				COMBINE_HIDPI_IMAGES = YES;
				GENERATE_INFOPLIST_FILE = NO;
				INFOPLIST_FILE = Platforms/macOS/Widgets/Info.plist;
				LD_RUNPATH_SEARCH_PATHS = (
					"$(inherited)",
					"@executable_path/../Frameworks",
					"@executable_path/../../../../Frameworks",
				);
				MACOSX_DEPLOYMENT_TARGET = 26.0;
				PRODUCT_BUNDLE_IDENTIFIER = io.github.agrim.batterystats.widgets;
				PRODUCT_NAME = BatteryStatsWidgetsExtension;
				SDKROOT = macosx;
				SWIFT_EMIT_LOC_STRINGS = NO;
			};
			name = Release;
		};
		F72523347F349C0A7D3FD013 /* Release */ = {
			isa = XCBuildConfiguration;
			buildSettings = {
				ASSETCATALOG_COMPILER_APPICON_NAME = AppIcon;
				CODE_SIGN_ENTITLEMENTS = Platforms/macOS/App/Resources/BatteryStats.entitlements;
				COMBINE_HIDPI_IMAGES = YES;
				ENABLE_HARDENED_RUNTIME = YES;
				GENERATE_INFOPLIST_FILE = YES;
				INFOPLIST_KEY_CFBundleDisplayName = BatteryStats;
				INFOPLIST_KEY_LSApplicationCategoryType = "public.app-category.utilities";
				INFOPLIST_KEY_NSPrincipalClass = NSApplication;
				LD_RUNPATH_SEARCH_PATHS = (
					"$(inherited)",
					"@executable_path/../Frameworks",
				);
				MACOSX_DEPLOYMENT_TARGET = 26.0;
				PRODUCT_BUNDLE_IDENTIFIER = io.github.agrim.batterystats;
				PRODUCT_NAME = BatteryStats;
				SDKROOT = macosx;
				SWIFT_EMIT_LOC_STRINGS = NO;
			};
			name = Release;
		};
/* End XCBuildConfiguration section */

/* Begin XCConfigurationList section */
		1002F8C799CE06F3CD852910 /* Build configuration list for PBXNativeTarget "BatteryStatsWidgetsExtension" */ = {
			isa = XCConfigurationList;
			buildConfigurations = (
				3C31CB200FA3A35334992CB6 /* Debug */,
				A77862A7E5917ABAE114A38E /* Release */,
			);
			defaultConfigurationIsVisible = 0;
			defaultConfigurationName = Debug;
		};
		5987CF11071641EF8334F03A /* Build configuration list for PBXProject "BatteryStats" */ = {
			isa = XCConfigurationList;
			buildConfigurations = (
				96B00F5F7DA26BF828654E89 /* Debug */,
				8681F68331C33875132FADC3 /* Release */,
			);
			defaultConfigurationIsVisible = 0;
			defaultConfigurationName = Debug;
		};
		7E1FBC75A21F488DA108FB05 /* Build configuration list for PBXNativeTarget "BatteryStatsTests" */ = {
			isa = XCConfigurationList;
			buildConfigurations = (
				9167E23AED6D03F8488DE4EF /* Debug */,
				01EE590C3F1F701564A8EA61 /* Release */,
			);
			defaultConfigurationIsVisible = 0;
			defaultConfigurationName = Debug;
		};
		D768D6C9FB4D540CB3AAEED7 /* Build configuration list for PBXNativeTarget "BatteryStats" */ = {
			isa = XCConfigurationList;
			buildConfigurations = (
				5E82D7D35646E04FE1E6517A /* Debug */,
				F72523347F349C0A7D3FD013 /* Release */,
			);
			defaultConfigurationIsVisible = 0;
			defaultConfigurationName = Debug;
		};
/* End XCConfigurationList section */
	};
	rootObject = EFA2840A85B03D5348133428 /* Project object */;
}
